
Microsoft Visual Studio Solution File, Format Version 12.00
# Visual Studio Version 17
VisualStudioVersion = 17.5.002.0
MinimumVisualStudioVersion = 10.0.40219.1
Project("{9A19103F-16F7-4668-BE54-9A1E7A4F7556}") = "WorkerBinanceKaydet", "WorkerBinanceKaydet.csproj", "{DD85E7E4-E833-49A0-B3C1-04A87ADF9C0B}"
EndProject
Global
	GlobalSection(SolutionConfigurationPlatforms) = preSolution
		Debug|Any CPU = Debug|Any CPU
		Release|Any CPU = Release|Any CPU
	EndGlobalSection
	GlobalSection(ProjectConfigurationPlatforms) = postSolution
		{DD85E7E4-E833-49A0-B3C1-04A87ADF9C0B}.Debug|Any CPU.ActiveCfg = Debug|Any CPU
		{DD85E7E4-E833-49A0-B3C1-04A87ADF9C0B}.Debug|Any CPU.Build.0 = Debug|Any CPU
		{DD85E7E4-E833-49A0-B3C1-04A87ADF9C0B}.Release|Any CPU.ActiveCfg = Release|Any CPU
		{DD85E7E4-E833-49A0-B3C1-04A87ADF9C0B}.Release|Any CPU.Build.0 = Release|Any CPU
	EndGlobalSection
	GlobalSection(SolutionProperties) = preSolution
		HideSolutionNode = FALSE
	EndGlobalSection
	GlobalSection(ExtensibilityGlobals) = postSolution
		SolutionGuid = {83F18D4D-AAA0-4EFE-9799-B988F16020DF}
	EndGlobalSection
EndGlobal
